
Microsoft Visual Studio Solution File, Format Version 12.00
# Visual Studio 15
VisualStudioVersion = 15.0.35213.121
MinimumVisualStudioVersion = 10.0.40219.1
Project("{F184B08F-C81C-45F6-A57F-5ABD9991F28F}") = "TMSI Home Page", "TMSI Home Page\TMSI Home Page.vbproj", "{B6AFDB9C-364E-4F99-9B2A-C321D8AC48D1}"
EndProject
Global
	GlobalSection(SolutionConfigurationPlatforms) = preSolution
		Debug|Any CPU = Debug|Any CPU
		Release|Any CPU = Release|Any CPU
	EndGlobalSection
	GlobalSection(ProjectConfigurationPlatforms) = postSolution
		{B6AFDB9C-364E-4F99-9B2A-C321D8AC48D1}.Debug|Any CPU.ActiveCfg = Debug|Any CPU
		{B6AFDB9C-364E-4F99-9B2A-C321D8AC48D1}.Debug|Any CPU.Build.0 = Debug|Any CPU
		{B6AFDB9C-364E-4F99-9B2A-C321D8AC48D1}.Release|Any CPU.ActiveCfg = Release|Any CPU
		{B6AFDB9C-364E-4F99-9B2A-C321D8AC48D1}.Release|Any CPU.Build.0 = Release|Any CPU
	EndGlobalSection
	GlobalSection(SolutionProperties) = preSolution
		HideSolutionNode = FALSE
	EndGlobalSection
	GlobalSection(ExtensibilityGlobals) = postSolution
		SolutionGuid = {7CB8CDEC-4440-4222-AA25-347BD260FF44}
	EndGlobalSection
EndGlobal
